
Microsoft Visual Studio Solution File, Format Version 12.00
# Visual Studio Version 17
VisualStudioVersion = 17.4.33213.308
MinimumVisualStudioVersion = 10.0.40219.1
Project("{FAE04EC0-301F-11D3-BF4B-00C04F79EFBC}") = "top-shop-models", "top-shop-models\top-shop-models.csproj", "{1AA613A1-3E53-4C49-9C38-58727A4FB4A1}"
EndProject
Global
	GlobalSection(SolutionConfigurationPlatforms) = preSolution
		Debug|Any CPU = Debug|Any CPU
		Release|Any CPU = Release|Any CPU
	EndGlobalSection
	GlobalSection(ProjectConfigurationPlatforms) = postSolution
		{1AA613A1-3E53-4C49-9C38-58727A4FB4A1}.Debug|Any CPU.ActiveCfg = Debug|Any CPU
		{1AA613A1-3E53-4C49-9C38-58727A4FB4A1}.Debug|Any CPU.Build.0 = Debug|Any CPU
		{1AA613A1-3E53-4C49-9C38-58727A4FB4A1}.Release|Any CPU.ActiveCfg = Release|Any CPU
		{1AA613A1-3E53-4C49-9C38-58727A4FB4A1}.Release|Any CPU.Build.0 = Release|Any CPU
	EndGlobalSection
	GlobalSection(SolutionProperties) = preSolution
		HideSolutionNode = FALSE
	EndGlobalSection
	GlobalSection(ExtensibilityGlobals) = postSolution
		SolutionGuid = {D4FAD9AE-E77F-4CD0-8733-D00DDC13E533}
	EndGlobalSection
EndGlobal
